
Microsoft Visual Studio Solution File, Format Version 12.00
# Visual Studio 15
Project("{FAE04EC0-301F-11D3-BF4B-00C04F79EFBC}") = "IncidentReport.Infrastructure.ReadModels", "IncidentReport.Infrastructure.ReadModels.csproj", "{954E9273-0342-47FD-991A-A9ACAF5AC1CC}"
EndProject
Global
	GlobalSection(SolutionConfigurationPlatforms) = preSolution
		Debug|Any CPU = Debug|Any CPU
		Release|Any CPU = Release|Any CPU
	EndGlobalSection
	GlobalSection(ProjectConfigurationPlatforms) = postSolution
		{954E9273-0342-47FD-991A-A9ACAF5AC1CC}.Debug|Any CPU.ActiveCfg = Debug|Any CPU
		{954E9273-0342-47FD-991A-A9ACAF5AC1CC}.Debug|Any CPU.Build.0 = Debug|Any CPU
		{954E9273-0342-47FD-991A-A9ACAF5AC1CC}.Release|Any CPU.ActiveCfg = Release|Any CPU
		{954E9273-0342-47FD-991A-A9ACAF5AC1CC}.Release|Any CPU.Build.0 = Release|Any CPU
	EndGlobalSection
EndGlobal
