
Microsoft Visual Studio Solution File, Format Version 12.00
# Visual Studio Version 16
VisualStudioVersion = 16.0.29521.150
MinimumVisualStudioVersion = 10.0.40219.1
Project("{9A19103F-16F7-4668-BE54-9A1E7A4F7556}") = "IncidentManagmentSystem.Web", "IncidentManagmentSystem.Web\IncidentManagmentSystem.Web.csproj", "{EC5B6B8F-08D3-4A9A-A725-99E8A5A5DEA7}"
EndProject
Project("{2150E333-8FDC-42A3-9474-1A3956D46DE8}") = "Modules", "Modules", "{EAF42AA9-B165-4BB0-9957-EA0C754FDD5F}"
EndProject
Project("{2150E333-8FDC-42A3-9474-1A3956D46DE8}") = "IncidentReport", "IncidentReport", "{92A4FEAA-F6A8-48F4-A9EC-FF0E33B0779F}"
EndProject
Project("{9A19103F-16F7-4668-BE54-9A1E7A4F7556}") = "IncidentReport.Domain", "IncidentReport.Domain\IncidentReport.Domain.csproj", "{0E04E026-4EE7-4F64-9CA4-5BD71F17549F}"
EndProject
Project("{2150E333-8FDC-42A3-9474-1A3956D46DE8}") = "BuildingBlocks", "BuildingBlocks", "{8DD88969-0521-49BD-95EB-635843A9CBD4}"
EndProject
Project("{9A19103F-16F7-4668-BE54-9A1E7A4F7556}") = "BuildingBlocks.Domain", "BuildingBlocks.Domain\BuildingBlocks.Domain.csproj", "{818CF699-8CEA-458C-9850-08D33B4B27A5}"
EndProject
Project("{2150E333-8FDC-42A3-9474-1A3956D46DE8}") = "Solution Items", "Solution Items", "{E485E0EA-E25F-4AB4-B377-AB14535D8E12}"
	ProjectSection(SolutionItems) = preProject
		.editorconfig = .editorconfig
	EndProjectSection
EndProject
Project("{9A19103F-16F7-4668-BE54-9A1E7A4F7556}") = "IncidentReport.Application", "IncidentReport.Application\IncidentReport.Application.csproj", "{56A8058B-2F2C-4DB6-BD0C-0E4366D06241}"
EndProject
Project("{9A19103F-16F7-4668-BE54-9A1E7A4F7556}") = "BuildingBlocks.Application", "BuildingBlocks.Application\BuildingBlocks.Application.csproj", "{3320423C-A7D5-427E-B113-9832F1999B1A}"
EndProject
Project("{2150E333-8FDC-42A3-9474-1A3956D46DE8}") = "Tests", "Tests", "{4FDFCF54-6EA2-4692-A9A2-11255D21CBA8}"
EndProject
Project("{9A19103F-16F7-4668-BE54-9A1E7A4F7556}") = "IncidentReport.Domain.UnitTests", "IncidentReport.Domain.UnitTests\IncidentReport.Domain.UnitTests.csproj", "{08A7E4DA-D005-437C-80A5-01F521558C99}"
EndProject
Project("{2150E333-8FDC-42A3-9474-1A3956D46DE8}") = "Tests", "Tests", "{CB8A59E9-6C82-4422-9D9F-4CDE005A0F72}"
EndProject
Project("{9A19103F-16F7-4668-BE54-9A1E7A4F7556}") = "IncidentReport.Application.UnitTests", "IncidentReport.Application.UnitTests\IncidentReport.Application.UnitTests.csproj", "{3891CBB9-5D96-4706-9405-37BD76EDB6BC}"
EndProject
Project("{9A19103F-16F7-4668-BE54-9A1E7A4F7556}") = "IncidentReport.Infrastructure", "IncidentReport.Infrastructure\IncidentReport.Infrastructure.csproj", "{B35BA9A8-FDAC-4C1C-8618-30E83FCB7226}"
EndProject
Project("{9A19103F-16F7-4668-BE54-9A1E7A4F7556}") = "BuildingBlocks.Infrastructure", "BuildingBlocks.Infrastructure\BuildingBlocks.Infrastructure.csproj", "{34AF5586-5444-4755-84EA-AF66C9CD9D53}"
EndProject
Project("{9A19103F-16F7-4668-BE54-9A1E7A4F7556}") = "BuildingBlocks.Domain.UnitTests", "BuildingBlocks.Domain.UnitTests\BuildingBlocks.Domain.UnitTests.csproj", "{1A872E6C-761C-473C-9C5E-4C8125F4DF3D}"
EndProject
Project("{9A19103F-16F7-4668-BE54-9A1E7A4F7556}") = "BuildingBlocks.Application.UnitTests", "BuildingBlocks.Application.UnitTests\BuildingBlocks.Application.UnitTests.csproj", "{7AEB9462-176A-47C4-82A6-F1AE740244C6}"
EndProject
Project("{9A19103F-16F7-4668-BE54-9A1E7A4F7556}") = "IncidentReport.Infrastructure.IntegrationTests", "IncidentReport.Infrastructure.IntegrationTests\IncidentReport.Infrastructure.IntegrationTests.csproj", "{52D24F2E-D5CC-4575-8992-BF0EBD14E1F2}"
EndProject
Project("{FAE04EC0-301F-11D3-BF4B-00C04F79EFBC}") = "IncidentManagmentSystem.Web.Tests", "IncidentManagmentSystem.Web.Tests\IncidentManagmentSystem.Web.Tests.csproj", "{4AE5BF87-3D15-4E10-B196-B084DB6FE1F0}"
EndProject
Global
	GlobalSection(SolutionConfigurationPlatforms) = preSolution
		Debug|Any CPU = Debug|Any CPU
		Release|Any CPU = Release|Any CPU
	EndGlobalSection
	GlobalSection(ProjectConfigurationPlatforms) = postSolution
		{EC5B6B8F-08D3-4A9A-A725-99E8A5A5DEA7}.Debug|Any CPU.ActiveCfg = Debug|Any CPU
		{EC5B6B8F-08D3-4A9A-A725-99E8A5A5DEA7}.Debug|Any CPU.Build.0 = Debug|Any CPU
		{EC5B6B8F-08D3-4A9A-A725-99E8A5A5DEA7}.Release|Any CPU.ActiveCfg = Release|Any CPU
		{EC5B6B8F-08D3-4A9A-A725-99E8A5A5DEA7}.Release|Any CPU.Build.0 = Release|Any CPU
		{0E04E026-4EE7-4F64-9CA4-5BD71F17549F}.Debug|Any CPU.ActiveCfg = Debug|Any CPU
		{0E04E026-4EE7-4F64-9CA4-5BD71F17549F}.Debug|Any CPU.Build.0 = Debug|Any CPU
		{0E04E026-4EE7-4F64-9CA4-5BD71F17549F}.Release|Any CPU.ActiveCfg = Release|Any CPU
		{0E04E026-4EE7-4F64-9CA4-5BD71F17549F}.Release|Any CPU.Build.0 = Release|Any CPU
		{818CF699-8CEA-458C-9850-08D33B4B27A5}.Debug|Any CPU.ActiveCfg = Debug|Any CPU
		{818CF699-8CEA-458C-9850-08D33B4B27A5}.Debug|Any CPU.Build.0 = Debug|Any CPU
		{818CF699-8CEA-458C-9850-08D33B4B27A5}.Release|Any CPU.ActiveCfg = Release|Any CPU
		{818CF699-8CEA-458C-9850-08D33B4B27A5}.Release|Any CPU.Build.0 = Release|Any CPU
		{56A8058B-2F2C-4DB6-BD0C-0E4366D06241}.Debug|Any CPU.ActiveCfg = Debug|Any CPU
		{56A8058B-2F2C-4DB6-BD0C-0E4366D06241}.Debug|Any CPU.Build.0 = Debug|Any CPU
		{56A8058B-2F2C-4DB6-BD0C-0E4366D06241}.Release|Any CPU.ActiveCfg = Release|Any CPU
		{56A8058B-2F2C-4DB6-BD0C-0E4366D06241}.Release|Any CPU.Build.0 = Release|Any CPU
		{3320423C-A7D5-427E-B113-9832F1999B1A}.Debug|Any CPU.ActiveCfg = Debug|Any CPU
		{3320423C-A7D5-427E-B113-9832F1999B1A}.Debug|Any CPU.Build.0 = Debug|Any CPU
		{3320423C-A7D5-427E-B113-9832F1999B1A}.Release|Any CPU.ActiveCfg = Release|Any CPU
		{3320423C-A7D5-427E-B113-9832F1999B1A}.Release|Any CPU.Build.0 = Release|Any CPU
		{08A7E4DA-D005-437C-80A5-01F521558C99}.Debug|Any CPU.ActiveCfg = Debug|Any CPU
		{08A7E4DA-D005-437C-80A5-01F521558C99}.Debug|Any CPU.Build.0 = Debug|Any CPU
		{08A7E4DA-D005-437C-80A5-01F521558C99}.Release|Any CPU.ActiveCfg = Release|Any CPU
		{08A7E4DA-D005-437C-80A5-01F521558C99}.Release|Any CPU.Build.0 = Release|Any CPU
		{3891CBB9-5D96-4706-9405-37BD76EDB6BC}.Debug|Any CPU.ActiveCfg = Debug|Any CPU
		{3891CBB9-5D96-4706-9405-37BD76EDB6BC}.Debug|Any CPU.Build.0 = Debug|Any CPU
		{3891CBB9-5D96-4706-9405-37BD76EDB6BC}.Release|Any CPU.ActiveCfg = Release|Any CPU
		{3891CBB9-5D96-4706-9405-37BD76EDB6BC}.Release|Any CPU.Build.0 = Release|Any CPU
		{B35BA9A8-FDAC-4C1C-8618-30E83FCB7226}.Debug|Any CPU.ActiveCfg = Debug|Any CPU
		{B35BA9A8-FDAC-4C1C-8618-30E83FCB7226}.Debug|Any CPU.Build.0 = Debug|Any CPU
		{B35BA9A8-FDAC-4C1C-8618-30E83FCB7226}.Release|Any CPU.ActiveCfg = Release|Any CPU
		{B35BA9A8-FDAC-4C1C-8618-30E83FCB7226}.Release|Any CPU.Build.0 = Release|Any CPU
		{34AF5586-5444-4755-84EA-AF66C9CD9D53}.Debug|Any CPU.ActiveCfg = Debug|Any CPU
		{34AF5586-5444-4755-84EA-AF66C9CD9D53}.Debug|Any CPU.Build.0 = Debug|Any CPU
		{34AF5586-5444-4755-84EA-AF66C9CD9D53}.Release|Any CPU.ActiveCfg = Release|Any CPU
		{34AF5586-5444-4755-84EA-AF66C9CD9D53}.Release|Any CPU.Build.0 = Release|Any CPU
		{1A872E6C-761C-473C-9C5E-4C8125F4DF3D}.Debug|Any CPU.ActiveCfg = Debug|Any CPU
		{1A872E6C-761C-473C-9C5E-4C8125F4DF3D}.Debug|Any CPU.Build.0 = Debug|Any CPU
		{1A872E6C-761C-473C-9C5E-4C8125F4DF3D}.Release|Any CPU.ActiveCfg = Release|Any CPU
		{1A872E6C-761C-473C-9C5E-4C8125F4DF3D}.Release|Any CPU.Build.0 = Release|Any CPU
		{7AEB9462-176A-47C4-82A6-F1AE740244C6}.Debug|Any CPU.ActiveCfg = Debug|Any CPU
		{7AEB9462-176A-47C4-82A6-F1AE740244C6}.Debug|Any CPU.Build.0 = Debug|Any CPU
		{7AEB9462-176A-47C4-82A6-F1AE740244C6}.Release|Any CPU.ActiveCfg = Release|Any CPU
		{7AEB9462-176A-47C4-82A6-F1AE740244C6}.Release|Any CPU.Build.0 = Release|Any CPU
		{52D24F2E-D5CC-4575-8992-BF0EBD14E1F2}.Debug|Any CPU.ActiveCfg = Debug|Any CPU
		{52D24F2E-D5CC-4575-8992-BF0EBD14E1F2}.Debug|Any CPU.Build.0 = Debug|Any CPU
		{52D24F2E-D5CC-4575-8992-BF0EBD14E1F2}.Release|Any CPU.ActiveCfg = Release|Any CPU
		{52D24F2E-D5CC-4575-8992-BF0EBD14E1F2}.Release|Any CPU.Build.0 = Release|Any CPU
		{4AE5BF87-3D15-4E10-B196-B084DB6FE1F0}.Debug|Any CPU.ActiveCfg = Debug|Any CPU
		{4AE5BF87-3D15-4E10-B196-B084DB6FE1F0}.Debug|Any CPU.Build.0 = Debug|Any CPU
		{4AE5BF87-3D15-4E10-B196-B084DB6FE1F0}.Release|Any CPU.ActiveCfg = Release|Any CPU
		{4AE5BF87-3D15-4E10-B196-B084DB6FE1F0}.Release|Any CPU.Build.0 = Release|Any CPU
	EndGlobalSection
	GlobalSection(SolutionProperties) = preSolution
		HideSolutionNode = FALSE
	EndGlobalSection
	GlobalSection(NestedProjects) = preSolution
		{92A4FEAA-F6A8-48F4-A9EC-FF0E33B0779F} = {EAF42AA9-B165-4BB0-9957-EA0C754FDD5F}
		{0E04E026-4EE7-4F64-9CA4-5BD71F17549F} = {92A4FEAA-F6A8-48F4-A9EC-FF0E33B0779F}
		{818CF699-8CEA-458C-9850-08D33B4B27A5} = {8DD88969-0521-49BD-95EB-635843A9CBD4}
		{56A8058B-2F2C-4DB6-BD0C-0E4366D06241} = {92A4FEAA-F6A8-48F4-A9EC-FF0E33B0779F}
		{3320423C-A7D5-427E-B113-9832F1999B1A} = {8DD88969-0521-49BD-95EB-635843A9CBD4}
		{4FDFCF54-6EA2-4692-A9A2-11255D21CBA8} = {92A4FEAA-F6A8-48F4-A9EC-FF0E33B0779F}
		{08A7E4DA-D005-437C-80A5-01F521558C99} = {4FDFCF54-6EA2-4692-A9A2-11255D21CBA8}
		{CB8A59E9-6C82-4422-9D9F-4CDE005A0F72} = {8DD88969-0521-49BD-95EB-635843A9CBD4}
		{3891CBB9-5D96-4706-9405-37BD76EDB6BC} = {4FDFCF54-6EA2-4692-A9A2-11255D21CBA8}
		{B35BA9A8-FDAC-4C1C-8618-30E83FCB7226} = {92A4FEAA-F6A8-48F4-A9EC-FF0E33B0779F}
		{34AF5586-5444-4755-84EA-AF66C9CD9D53} = {8DD88969-0521-49BD-95EB-635843A9CBD4}
		{1A872E6C-761C-473C-9C5E-4C8125F4DF3D} = {CB8A59E9-6C82-4422-9D9F-4CDE005A0F72}
		{7AEB9462-176A-47C4-82A6-F1AE740244C6} = {CB8A59E9-6C82-4422-9D9F-4CDE005A0F72}
		{52D24F2E-D5CC-4575-8992-BF0EBD14E1F2} = {4FDFCF54-6EA2-4692-A9A2-11255D21CBA8}
	EndGlobalSection
	GlobalSection(ExtensibilityGlobals) = postSolution
		SolutionGuid = {9C503B14-4A01-42A9-84E1-FD4226BAA443}
	EndGlobalSection
EndGlobal
