
Microsoft Visual Studio Solution File, Format Version 12.00
# Visual Studio Version 16
VisualStudioVersion = 16.0.29521.150
MinimumVisualStudioVersion = 10.0.40219.1
Project("{9A19103F-16F7-4668-BE54-9A1E7A4F7556}") = "IncidentManagmentSystem.Web", "IncidentManagmentSystem.Web\IncidentManagmentSystem.Web.csproj", "{EC5B6B8F-08D3-4A9A-A725-99E8A5A5DEA7}"
EndProject
Project("{2150E333-8FDC-42A3-9474-1A3956D46DE8}") = "Modules", "Modules", "{EAF42AA9-B165-4BB0-9957-EA0C754FDD5F}"
EndProject
Project("{2150E333-8FDC-42A3-9474-1A3956D46DE8}") = "IncidentReport", "IncidentReport", "{92A4FEAA-F6A8-48F4-A9EC-FF0E33B0779F}"
EndProject
Project("{9A19103F-16F7-4668-BE54-9A1E7A4F7556}") = "IncidentReport.Domain", "IncidentReport.Domain\IncidentReport.Domain.csproj", "{0E04E026-4EE7-4F64-9CA4-5BD71F17549F}"
EndProject
Project("{2150E333-8FDC-42A3-9474-1A3956D46DE8}") = "BuildingBlocks", "BuildingBlocks", "{8DD88969-0521-49BD-95EB-635843A9CBD4}"
EndProject
Project("{9A19103F-16F7-4668-BE54-9A1E7A4F7556}") = "BuildingBlocks.Domain", "BuildingBlocks.Domain\BuildingBlocks.Domain.csproj", "{818CF699-8CEA-458C-9850-08D33B4B27A5}"
EndProject
Project("{2150E333-8FDC-42A3-9474-1A3956D46DE8}") = "Solution Items", "Solution Items", "{E485E0EA-E25F-4AB4-B377-AB14535D8E12}"
	ProjectSection(SolutionItems) = preProject
		.editorconfig = .editorconfig
	EndProjectSection
EndProject
Project("{FAE04EC0-301F-11D3-BF4B-00C04F79EFBC}") = "BuildingBlocks.UseCases", "BuildingBlocks.UseCases\BuildingBlocks.UseCases.csproj", "{AC3BD327-517F-4CCC-9773-7E053B4C8632}"
EndProject
Project("{FAE04EC0-301F-11D3-BF4B-00C04F79EFBC}") = "IncidentReport.UseCases", "IncidentReport.UseCases\IncidentReport.UseCases.csproj", "{E21879E0-6291-4522-BB51-66C8A789B5FD}"
EndProject
Global
	GlobalSection(SolutionConfigurationPlatforms) = preSolution
		Debug|Any CPU = Debug|Any CPU
		Release|Any CPU = Release|Any CPU
	EndGlobalSection
	GlobalSection(ProjectConfigurationPlatforms) = postSolution
		{EC5B6B8F-08D3-4A9A-A725-99E8A5A5DEA7}.Debug|Any CPU.ActiveCfg = Debug|Any CPU
		{EC5B6B8F-08D3-4A9A-A725-99E8A5A5DEA7}.Debug|Any CPU.Build.0 = Debug|Any CPU
		{EC5B6B8F-08D3-4A9A-A725-99E8A5A5DEA7}.Release|Any CPU.ActiveCfg = Release|Any CPU
		{EC5B6B8F-08D3-4A9A-A725-99E8A5A5DEA7}.Release|Any CPU.Build.0 = Release|Any CPU
		{0E04E026-4EE7-4F64-9CA4-5BD71F17549F}.Debug|Any CPU.ActiveCfg = Debug|Any CPU
		{0E04E026-4EE7-4F64-9CA4-5BD71F17549F}.Debug|Any CPU.Build.0 = Debug|Any CPU
		{0E04E026-4EE7-4F64-9CA4-5BD71F17549F}.Release|Any CPU.ActiveCfg = Release|Any CPU
		{0E04E026-4EE7-4F64-9CA4-5BD71F17549F}.Release|Any CPU.Build.0 = Release|Any CPU
		{818CF699-8CEA-458C-9850-08D33B4B27A5}.Debug|Any CPU.ActiveCfg = Debug|Any CPU
		{818CF699-8CEA-458C-9850-08D33B4B27A5}.Debug|Any CPU.Build.0 = Debug|Any CPU
		{818CF699-8CEA-458C-9850-08D33B4B27A5}.Release|Any CPU.ActiveCfg = Release|Any CPU
		{818CF699-8CEA-458C-9850-08D33B4B27A5}.Release|Any CPU.Build.0 = Release|Any CPU
		{AC3BD327-517F-4CCC-9773-7E053B4C8632}.Debug|Any CPU.ActiveCfg = Debug|Any CPU
		{AC3BD327-517F-4CCC-9773-7E053B4C8632}.Debug|Any CPU.Build.0 = Debug|Any CPU
		{AC3BD327-517F-4CCC-9773-7E053B4C8632}.Release|Any CPU.ActiveCfg = Release|Any CPU
		{AC3BD327-517F-4CCC-9773-7E053B4C8632}.Release|Any CPU.Build.0 = Release|Any CPU
		{E21879E0-6291-4522-BB51-66C8A789B5FD}.Debug|Any CPU.ActiveCfg = Debug|Any CPU
		{E21879E0-6291-4522-BB51-66C8A789B5FD}.Debug|Any CPU.Build.0 = Debug|Any CPU
		{E21879E0-6291-4522-BB51-66C8A789B5FD}.Release|Any CPU.ActiveCfg = Release|Any CPU
		{E21879E0-6291-4522-BB51-66C8A789B5FD}.Release|Any CPU.Build.0 = Release|Any CPU
	EndGlobalSection
	GlobalSection(SolutionProperties) = preSolution
		HideSolutionNode = FALSE
	EndGlobalSection
	GlobalSection(NestedProjects) = preSolution
		{92A4FEAA-F6A8-48F4-A9EC-FF0E33B0779F} = {EAF42AA9-B165-4BB0-9957-EA0C754FDD5F}
		{0E04E026-4EE7-4F64-9CA4-5BD71F17549F} = {92A4FEAA-F6A8-48F4-A9EC-FF0E33B0779F}
		{818CF699-8CEA-458C-9850-08D33B4B27A5} = {8DD88969-0521-49BD-95EB-635843A9CBD4}
		{AC3BD327-517F-4CCC-9773-7E053B4C8632} = {8DD88969-0521-49BD-95EB-635843A9CBD4}
		{E21879E0-6291-4522-BB51-66C8A789B5FD} = {92A4FEAA-F6A8-48F4-A9EC-FF0E33B0779F}
	EndGlobalSection
	GlobalSection(ExtensibilityGlobals) = postSolution
		SolutionGuid = {9C503B14-4A01-42A9-84E1-FD4226BAA443}
	EndGlobalSection
EndGlobal
